
Microsoft Visual Studio Solution File, Format Version 12.00
# Visual Studio Version 17
VisualStudioVersion = 17.8.34316.72
MinimumVisualStudioVersion = 10.0.40219.1
Project("{FAE04EC0-301F-11D3-BF4B-00C04F79EFBC}") = "fetchingInstagram", "fetchingInstagram\fetchingInstagram.csproj", "{C3CE6495-7463-42CD-B697-E04DE4ED5124}"
EndProject
Global
	GlobalSection(SolutionConfigurationPlatforms) = preSolution
		Debug|Any CPU = Debug|Any CPU
		Release|Any CPU = Release|Any CPU
	EndGlobalSection
	GlobalSection(ProjectConfigurationPlatforms) = postSolution
		{C3CE6495-7463-42CD-B697-E04DE4ED5124}.Debug|Any CPU.ActiveCfg = Debug|Any CPU
		{C3CE6495-7463-42CD-B697-E04DE4ED5124}.Debug|Any CPU.Build.0 = Debug|Any CPU
		{C3CE6495-7463-42CD-B697-E04DE4ED5124}.Release|Any CPU.ActiveCfg = Release|Any CPU
		{C3CE6495-7463-42CD-B697-E04DE4ED5124}.Release|Any CPU.Build.0 = Release|Any CPU
	EndGlobalSection
	GlobalSection(SolutionProperties) = preSolution
		HideSolutionNode = FALSE
	EndGlobalSection
	GlobalSection(ExtensibilityGlobals) = postSolution
		SolutionGuid = {ED84B5EF-4008-4B8B-A22A-03E3E2C6FD0C}
	EndGlobalSection
EndGlobal
